
Microsoft Visual Studio Solution File, Format Version 12.00
# Visual Studio Version 17
VisualStudioVersion = 17.12.35728.132 d17.12
MinimumVisualStudioVersion = 10.0.40219.1
Project("{FAE04EC0-301F-11D3-BF4B-00C04F79EFBC}") = "ProductCategory", "ProductCategory.csproj", "{1A4B5899-9BF6-49A5-B344-E6DB73242C94}"
EndProject
Global
	GlobalSection(SolutionConfigurationPlatforms) = preSolution
		Debug|Any CPU = Debug|Any CPU
		Release|Any CPU = Release|Any CPU
	EndGlobalSection
	GlobalSection(ProjectConfigurationPlatforms) = postSolution
		{1A4B5899-9BF6-49A5-B344-E6DB73242C94}.Debug|Any CPU.ActiveCfg = Debug|Any CPU
		{1A4B5899-9BF6-49A5-B344-E6DB73242C94}.Debug|Any CPU.Build.0 = Debug|Any CPU
		{1A4B5899-9BF6-49A5-B344-E6DB73242C94}.Release|Any CPU.ActiveCfg = Release|Any CPU
		{1A4B5899-9BF6-49A5-B344-E6DB73242C94}.Release|Any CPU.Build.0 = Release|Any CPU
	EndGlobalSection
	GlobalSection(SolutionProperties) = preSolution
		HideSolutionNode = FALSE
	EndGlobalSection
EndGlobal
